Microsoft Visual Studio Solution File, Format Version 11.00
# Visual Studio 2008

Project("{790A2512-4E9B-50D0-4129-75EA1950F3C5}") = "birds project", "Assembly-CSharp.csproj", "{CEAB7EEF-DAFC-4196-BE11-8DDB9CF4ABFF}"
EndProject
Global
	GlobalSection(SolutionConfigurationPlatforms) = preSolution
		Debug|Any CPU = Debug|Any CPU
		Release|Any CPU = Release|Any CPU
	EndGlobalSection
	GlobalSection(ProjectConfigurationPlatforms) = postSolution
		{CEAB7EEF-DAFC-4196-BE11-8DDB9CF4ABFF}.Debug|Any CPU.ActiveCfg = Debug|Any CPU
		{CEAB7EEF-DAFC-4196-BE11-8DDB9CF4ABFF}.Debug|Any CPU.Build.0 = Debug|Any CPU
		{CEAB7EEF-DAFC-4196-BE11-8DDB9CF4ABFF}.Release|Any CPU.ActiveCfg = Release|Any CPU
		{CEAB7EEF-DAFC-4196-BE11-8DDB9CF4ABFF}.Release|Any CPU.Build.0 = Release|Any CPU
	EndGlobalSection
	GlobalSection(SolutionProperties) = preSolution
		HideSolutionNode = FALSE
	EndGlobalSection
	GlobalSection(MonoDevelopProperties) = preSolution
		StartupItem = Assembly-CSharp.csproj
	EndGlobalSection
EndGlobal
